{
  "object": {
    "pins": [
      {
        "package": "JanyeeUtilty",
        "repositoryURL": "https://github.com/LiangJianyi/JanyeeUtilty",
        "state": {
          "branch": "master",
          "revision": "e780ed34287c16433cb7ff65535290431da9b7e3",
          "version": null
        }
      }
    ]
  },
  "version": 1
}
